
Microsoft Visual Studio Solution File, Format Version 12.00
# Visual Studio Version 17
VisualStudioVersion = 17.11.35312.102
MinimumVisualStudioVersion = 10.0.40219.1
Project("{FAE04EC0-301F-11D3-BF4B-00C04F79EFBC}") = "DF_Perekhrestenko_IPZ-24-1", "DF_Perekhrestenko_IPZ-24-1\DF_Perekhrestenko_IPZ-24-1.csproj", "{B3F4E59D-F5CF-434A-B937-33AC3BBACEB4}"
EndProject
Global
	GlobalSection(SolutionConfigurationPlatforms) = preSolution
		Debug|Any CPU = Debug|Any CPU
		Release|Any CPU = Release|Any CPU
	EndGlobalSection
	GlobalSection(ProjectConfigurationPlatforms) = postSolution
		{B3F4E59D-F5CF-434A-B937-33AC3BBACEB4}.Debug|Any CPU.ActiveCfg = Debug|Any CPU
		{B3F4E59D-F5CF-434A-B937-33AC3BBACEB4}.Debug|Any CPU.Build.0 = Debug|Any CPU
		{B3F4E59D-F5CF-434A-B937-33AC3BBACEB4}.Release|Any CPU.ActiveCfg = Release|Any CPU
		{B3F4E59D-F5CF-434A-B937-33AC3BBACEB4}.Release|Any CPU.Build.0 = Release|Any CPU
	EndGlobalSection
	GlobalSection(SolutionProperties) = preSolution
		HideSolutionNode = FALSE
	EndGlobalSection
	GlobalSection(ExtensibilityGlobals) = postSolution
		SolutionGuid = {88862E2C-E1CF-48DF-8F99-7345A939EFE8}
	EndGlobalSection
EndGlobal
